// !$*UTF8*$!
{
	archiveVersion = 1;
	classes = {
	};
	objectVersion = 56;
	objects = {

/* Begin PBXBuildFile section */
		4F86E4302BB3A5D900EA4B46 /* AppDelegate.swift in Sources */ = {isa = PBXBuildFile; fileRef = 4F86E42F2BB3A5D900EA4B46 /* AppDelegate.swift */; };
		4F86E4322BB3A5D900EA4B46 /* ContentView.swift in Sources */ = {isa = PBXBuildFile; fileRef = 4F86E4312BB3A5D900EA4B46 /* ContentView.swift */; };
		4F86E4342BB3A5DB00EA4B46 /* Assets.xcassets in Resources */ = {isa = PBXBuildFile; fileRef = 4F86E4332BB3A5DB00EA4B46 /* Assets.xcassets */; };
		4F86E4372BB3A5DB00EA4B46 /* Preview Assets.xcassets in Resources */ = {isa = PBXBuildFile; fileRef = 4F86E4362BB3A5DB00EA4B46 /* Preview Assets.xcassets */; };
		4F86E4412BB3A5DB00EA4B46 /* mood_lens_arTests.swift in Sources */ = {isa = PBXBuildFile; fileRef = 4F86E4402BB3A5DB00EA4B46 /* mood_lens_arTests.swift */; };
		4F86E44B2BB3A5DC00EA4B46 /* mood_lens_arUITests.swift in Sources */ = {isa = PBXBuildFile; fileRef = 4F86E44A2BB3A5DC00EA4B46 /* mood_lens_arUITests.swift */; };
		4F86E44D2BB3A5DC00EA4B46 /* mood_lens_arUITestsLaunchTests.swift in Sources */ = {isa = PBXBuildFile; fileRef = 4F86E44C2BB3A5DC00EA4B46 /* mood_lens_arUITestsLaunchTests.swift */; };
/* End PBXBuildFile section */

/* Begin PBXContainerItemProxy section */
		4F86E43D2BB3A5DB00EA4B46 /* PBXContainerItemProxy */ = {
			isa = PBXContainerItemProxy;
			containerPortal = 4F86E4242BB3A5D900EA4B46 /* Project object */;
			proxyType = 1;
			remoteGlobalIDString = 4F86E42B2BB3A5D900EA4B46;
			remoteInfo = "mood-lens-ar";
		};
		4F86E4472BB3A5DC00EA4B46 /* PBXContainerItemProxy */ = {
			isa = PBXContainerItemProxy;
			containerPortal = 4F86E4242BB3A5D900EA4B46 /* Project object */;
			proxyType = 1;
			remoteGlobalIDString = 4F86E42B2BB3A5D900EA4B46;
			remoteInfo = "mood-lens-ar";
		};
/* End PBXContainerItemProxy section */

/* Begin PBXFileReference section */
		4F86E42C2BB3A5D900EA4B46 /* mood-lens-ar.app */ = {isa = PBXFileReference; explicitFileType = wrapper.application; includeInIndex = 0; path = "mood-lens-ar.app"; sourceTree = BUILT_PRODUCTS_DIR; };
		4F86E42F2BB3A5D900EA4B46 /* AppDelegate.swift */ = {isa = PBXFileReference; lastKnownFileType = sourcecode.swift; path = AppDelegate.swift; sourceTree = "<group>"; };
		4F86E4312BB3A5D900EA4B46 /* ContentView.swift */ = {isa = PBXFileReference; lastKnownFileType = sourcecode.swift; path = ContentView.swift; sourceTree = "<group>"; };
		4F86E4332BB3A5DB00EA4B46 /* Assets.xcassets */ = {isa = PBXFileReference; lastKnownFileType = folder.assetcatalog; path = Assets.xcassets; sourceTree = "<group>"; };
		4F86E4362BB3A5DB00EA4B46 /* Preview Assets.xcassets */ = {isa = PBXFileReference; lastKnownFileType = folder.assetcatalog; path = "Preview Assets.xcassets"; sourceTree = "<group>"; };
		4F86E43C2BB3A5DB00EA4B46 /* mood-lens-arTests.xctest */ = {isa = PBXFileReference; explicitFileType = wrapper.cfbundle; includeInIndex = 0; path = "mood-lens-arTests.xctest"; sourceTree = BUILT_PRODUCTS_DIR; };
		4F86E4402BB3A5DB00EA4B46 /* mood_lens_arTests.swift */ = {isa = PBXFileReference; lastKnownFileType = sourcecode.swift; path = mood_lens_arTests.swift; sourceTree = "<group>"; };
		4F86E4462BB3A5DC00EA4B46 /* mood-lens-arUITests.xctest */ = {isa = PBXFileReference; explicitFileType = wrapper.cfbundle; includeInIndex = 0; path = "mood-lens-arUITests.xctest"; sourceTree = BUILT_PRODUCTS_DIR; };
		4F86E44A2BB3A5DC00EA4B46 /* mood_lens_arUITests.swift */ = {isa = PBXFileReference; lastKnownFileType = sourcecode.swift; path = mood_lens_arUITests.swift; sourceTree = "<group>"; };
		4F86E44C2BB3A5DC00EA4B46 /* mood_lens_arUITestsLaunchTests.swift */ = {isa = PBXFileReference; lastKnownFileType = sourcecode.swift; path = mood_lens_arUITestsLaunchTests.swift; sourceTree = "<group>"; };
/* End PBXFileReference section */

/* Begin PBXFrameworksBuildPhase section */
		4F86E4292BB3A5D900EA4B46 /* Frameworks */ = {
			isa = PBXFrameworksBuildPhase;
			buildActionMask = 2147483647;
			files = (
			);
			runOnlyForDeploymentPostprocessing = 0;
		};
		4F86E4392BB3A5DB00EA4B46 /* Frameworks */ = {
			isa = PBXFrameworksBuildPhase;
			buildActionMask = 2147483647;
			files = (
			);
			runOnlyForDeploymentPostprocessing = 0;
		};
		4F86E4432BB3A5DC00EA4B46 /* Frameworks */ = {
			isa = PBXFrameworksBuildPhase;
			buildActionMask = 2147483647;
			files = (
			);
			runOnlyForDeploymentPostprocessing = 0;
		};
/* End PBXFrameworksBuildPhase section */

/* Begin PBXGroup section */
		4F86E4232BB3A5D900EA4B46 = {
			isa = PBXGroup;
			children = (
				4F86E42E2BB3A5D900EA4B46 /* mood-lens-ar */,
				4F86E43F2BB3A5DB00EA4B46 /* mood-lens-arTests */,
				4F86E4492BB3A5DC00EA4B46 /* mood-lens-arUITests */,
				4F86E42D2BB3A5D900EA4B46 /* Products */,
			);
			sourceTree = "<group>";
		};
		4F86E42D2BB3A5D900EA4B46 /* Products */ = {
			isa = PBXGroup;
			children = (
				4F86E42C2BB3A5D900EA4B46 /* mood-lens-ar.app */,
				4F86E43C2BB3A5DB00EA4B46 /* mood-lens-arTests.xctest */,
				4F86E4462BB3A5DC00EA4B46 /* mood-lens-arUITests.xctest */,
			);
			name = Products;
			sourceTree = "<group>";
		};
		4F86E42E2BB3A5D900EA4B46 /* mood-lens-ar */ = {
			isa = PBXGroup;
			children = (
				4F86E42F2BB3A5D900EA4B46 /* AppDelegate.swift */,
				4F86E4312BB3A5D900EA4B46 /* ContentView.swift */,
				4F86E4332BB3A5DB00EA4B46 /* Assets.xcassets */,
				4F86E4352BB3A5DB00EA4B46 /* Preview Content */,
			);
			path = "mood-lens-ar";
			sourceTree = "<group>";
		};
		4F86E4352BB3A5DB00EA4B46 /* Preview Content */ = {
			isa = PBXGroup;
			children = (
				4F86E4362BB3A5DB00EA4B46 /* Preview Assets.xcassets */,
			);
			path = "Preview Content";
			sourceTree = "<group>";
		};
		4F86E43F2BB3A5DB00EA4B46 /* mood-lens-arTests */ = {
			isa = PBXGroup;
			children = (
				4F86E4402BB3A5DB00EA4B46 /* mood_lens_arTests.swift */,
			);
			path = "mood-lens-arTests";
			sourceTree = "<group>";
		};
		4F86E4492BB3A5DC00EA4B46 /* mood-lens-arUITests */ = {
			isa = PBXGroup;
			children = (
				4F86E44A2BB3A5DC00EA4B46 /* mood_lens_arUITests.swift */,
				4F86E44C2BB3A5DC00EA4B46 /* mood_lens_arUITestsLaunchTests.swift */,
			);
			path = "mood-lens-arUITests";
			sourceTree = "<group>";
		};
/* End PBXGroup section */

/* Begin PBXNativeTarget section */
		4F86E42B2BB3A5D900EA4B46 /* mood-lens-ar */ = {
			isa = PBXNativeTarget;
			buildConfigurationList = 4F86E4502BB3A5DC00EA4B46 /* Build configuration list for PBXNativeTarget "mood-lens-ar" */;
			buildPhases = (
				4F86E4282BB3A5D900EA4B46 /* Sources */,
				4F86E4292BB3A5D900EA4B46 /* Frameworks */,
				4F86E42A2BB3A5D900EA4B46 /* Resources */,
			);
			buildRules = (
			);
			dependencies = (
			);
			name = "mood-lens-ar";
			productName = "mood-lens-ar";
			productReference = 4F86E42C2BB3A5D900EA4B46 /* mood-lens-ar.app */;
			productType = "com.apple.product-type.application";
		};
		4F86E43B2BB3A5DB00EA4B46 /* mood-lens-arTests */ = {
			isa = PBXNativeTarget;
			buildConfigurationList = 4F86E4532BB3A5DC00EA4B46 /* Build configuration list for PBXNativeTarget "mood-lens-arTests" */;
			buildPhases = (
				4F86E4382BB3A5DB00EA4B46 /* Sources */,
				4F86E4392BB3A5DB00EA4B46 /* Frameworks */,
				4F86E43A2BB3A5DB00EA4B46 /* Resources */,
			);
			buildRules = (
			);
			dependencies = (
				4F86E43E2BB3A5DB00EA4B46 /* PBXTargetDependency */,
			);
			name = "mood-lens-arTests";
			productName = "mood-lens-arTests";
			productReference = 4F86E43C2BB3A5DB00EA4B46 /* mood-lens-arTests.xctest */;
			productType = "com.apple.product-type.bundle.unit-test";
		};
		4F86E4452BB3A5DC00EA4B46 /* mood-lens-arUITests */ = {
			isa = PBXNativeTarget;
			buildConfigurationList = 4F86E4562BB3A5DC00EA4B46 /* Build configuration list for PBXNativeTarget "mood-lens-arUITests" */;
			buildPhases = (
				4F86E4422BB3A5DC00EA4B46 /* Sources */,
				4F86E4432BB3A5DC00EA4B46 /* Frameworks */,
				4F86E4442BB3A5DC00EA4B46 /* Resources */,
			);
			buildRules = (
			);
			dependencies = (
				4F86E4482BB3A5DC00EA4B46 /* PBXTargetDependency */,
			);
			name = "mood-lens-arUITests";
			productName = "mood-lens-arUITests";
			productReference = 4F86E4462BB3A5DC00EA4B46 /* mood-lens-arUITests.xctest */;
			productType = "com.apple.product-type.bundle.ui-testing";
		};
/* End PBXNativeTarget section */

/* Begin PBXProject section */
		4F86E4242BB3A5D900EA4B46 /* Project object */ = {
			isa = PBXProject;
			attributes = {
				BuildIndependentTargetsInParallel = 1;
				LastSwiftUpdateCheck = 1530;
				LastUpgradeCheck = 1530;
				TargetAttributes = {
					4F86E42B2BB3A5D900EA4B46 = {
						CreatedOnToolsVersion = 15.3;
					};
					4F86E43B2BB3A5DB00EA4B46 = {
						CreatedOnToolsVersion = 15.3;
						TestTargetID = 4F86E42B2BB3A5D900EA4B46;
					};
					4F86E4452BB3A5DC00EA4B46 = {
						CreatedOnToolsVersion = 15.3;
						TestTargetID = 4F86E42B2BB3A5D900EA4B46;
					};
				};
			};
			buildConfigurationList = 4F86E4272BB3A5D900EA4B46 /* Build configuration list for PBXProject "mood-lens-ar" */;
			compatibilityVersion = "Xcode 14.0";
			developmentRegion = en;
			hasScannedForEncodings = 0;
			knownRegions = (
				en,
				Base,
			);
			mainGroup = 4F86E4232BB3A5D900EA4B46;
			productRefGroup = 4F86E42D2BB3A5D900EA4B46 /* Products */;
			projectDirPath = "";
			projectRoot = "";
			targets = (
				4F86E42B2BB3A5D900EA4B46 /* mood-lens-ar */,
				4F86E43B2BB3A5DB00EA4B46 /* mood-lens-arTests */,
				4F86E4452BB3A5DC00EA4B46 /* mood-lens-arUITests */,
			);
		};
/* End PBXProject section */

/* Begin PBXResourcesBuildPhase section */
		4F86E42A2BB3A5D900EA4B46 /* Resources */ = {
			isa = PBXResourcesBuildPhase;
			buildActionMask = 2147483647;
			files = (
				4F86E4372BB3A5DB00EA4B46 /* Preview Assets.xcassets in Resources */,
				4F86E4342BB3A5DB00EA4B46 /* Assets.xcassets in Resources */,
			);
			runOnlyForDeploymentPostprocessing = 0;
		};
		4F86E43A2BB3A5DB00EA4B46 /* Resources */ = {
			isa = PBXResourcesBuildPhase;
			buildActionMask = 2147483647;
			files = (
			);
			runOnlyForDeploymentPostprocessing = 0;
		};
		4F86E4442BB3A5DC00EA4B46 /* Resources */ = {
			isa = PBXResourcesBuildPhase;
			buildActionMask = 2147483647;
			files = (
			);
			runOnlyForDeploymentPostprocessing = 0;
		};
/* End PBXResourcesBuildPhase section */

/* Begin PBXSourcesBuildPhase section */
		4F86E4282BB3A5D900EA4B46 /* Sources */ = {
			isa = PBXSourcesBuildPhase;
			buildActionMask = 2147483647;
			files = (
				4F86E4322BB3A5D900EA4B46 /* ContentView.swift in Sources */,
				4F86E4302BB3A5D900EA4B46 /* AppDelegate.swift in Sources */,
			);
			runOnlyForDeploymentPostprocessing = 0;
		};
		4F86E4382BB3A5DB00EA4B46 /* Sources */ = {
			isa = PBXSourcesBuildPhase;
			buildActionMask = 2147483647;
			files = (
				4F86E4412BB3A5DB00EA4B46 /* mood_lens_arTests.swift in Sources */,
			);
			runOnlyForDeploymentPostprocessing = 0;
		};
		4F86E4422BB3A5DC00EA4B46 /* Sources */ = {
			isa = PBXSourcesBuildPhase;
			buildActionMask = 2147483647;
			files = (
				4F86E44D2BB3A5DC00EA4B46 /* mood_lens_arUITestsLaunchTests.swift in Sources */,
				4F86E44B2BB3A5DC00EA4B46 /* mood_lens_arUITests.swift in Sources */,
			);
			runOnlyForDeploymentPostprocessing = 0;
		};
/* End PBXSourcesBuildPhase section */

/* Begin PBXTargetDependency section */
		4F86E43E2BB3A5DB00EA4B46 /* PBXTargetDependency */ = {
			isa = PBXTargetDependency;
			target = 4F86E42B2BB3A5D900EA4B46 /* mood-lens-ar */;
			targetProxy = 4F86E43D2BB3A5DB00EA4B46 /* PBXContainerItemProxy */;
		};
		4F86E4482BB3A5DC00EA4B46 /* PBXTargetDependency */ = {
			isa = PBXTargetDependency;
			target = 4F86E42B2BB3A5D900EA4B46 /* mood-lens-ar */;
			targetProxy = 4F86E4472BB3A5DC00EA4B46 /* PBXContainerItemProxy */;
		};
/* End PBXTargetDependency section */

/* Begin XCBuildConfiguration section */
		4F86E44E2BB3A5DC00EA4B46 /* Debug */ = {
			isa = XCBuildConfiguration;
			buildSettings = {
				ALWAYS_SEARCH_USER_PATHS = NO;
				ASSETCATALOG_COMPILER_GENERATE_SWIFT_ASSET_SYMBOL_EXTENSIONS = YES;
				CLANG_ANALYZER_NONNULL = YES;
				CLANG_ANALYZER_NUMBER_OBJECT_CONVERSION = YES_AGGRESSIVE;
				CLANG_CXX_LANGUAGE_STANDARD = "gnu++20";
				CLANG_ENABLE_MODULES = YES;
				CLANG_ENABLE_OBJC_ARC = YES;
				CLANG_ENABLE_OBJC_WEAK = YES;
				CLANG_WARN_BLOCK_CAPTURE_AUTORELEASING = YES;
				CLANG_WARN_BOOL_CONVERSION = YES;
				CLANG_WARN_COMMA = YES;
				CLANG_WARN_CONSTANT_CONVERSION = YES;
				CLANG_WARN_DEPRECATED_OBJC_IMPLEMENTATIONS = YES;
				CLANG_WARN_DIRECT_OBJC_ISA_USAGE = YES_ERROR;
				CLANG_WARN_DOCUMENTATION_COMMENTS = YES;
				CLANG_WARN_EMPTY_BODY = YES;
				CLANG_WARN_ENUM_CONVERSION = YES;
				CLANG_WARN_INFINITE_RECURSION = YES;
				CLANG_WARN_INT_CONVERSION = YES;
				CLANG_WARN_NON_LITERAL_NULL_CONVERSION = YES;
				CLANG_WARN_OBJC_IMPLICIT_RETAIN_SELF = YES;
				CLANG_WARN_OBJC_LITERAL_CONVERSION = YES;
				CLANG_WARN_OBJC_ROOT_CLASS = YES_ERROR;
				CLANG_WARN_QUOTED_INCLUDE_IN_FRAMEWORK_HEADER = YES;
				CLANG_WARN_RANGE_LOOP_ANALYSIS = YES;
				CLANG_WARN_STRICT_PROTOTYPES = YES;
				CLANG_WARN_SUSPICIOUS_MOVE = YES;
				CLANG_WARN_UNGUARDED_AVAILABILITY = YES_AGGRESSIVE;
				CLANG_WARN_UNREACHABLE_CODE = YES;
				CLANG_WARN__DUPLICATE_METHOD_MATCH = YES;
				COPY_PHASE_STRIP = NO;
				DEBUG_INFORMATION_FORMAT = dwarf;
				ENABLE_STRICT_OBJC_MSGSEND = YES;
				ENABLE_TESTABILITY = YES;
				ENABLE_USER_SCRIPT_SANDBOXING = YES;
				GCC_C_LANGUAGE_STANDARD = gnu17;
				GCC_DYNAMIC_NO_PIC = NO;
				GCC_NO_COMMON_BLOCKS = YES;
				GCC_OPTIMIZATION_LEVEL = 0;
				GCC_PREPROCESSOR_DEFINITIONS = (
					"DEBUG=1",
					"$(inherited)",
				);
				GCC_WARN_64_TO_32_BIT_CONVERSION = YES;
				GCC_WARN_ABOUT_RETURN_TYPE = YES_ERROR;
				GCC_WARN_UNDECLARED_SELECTOR = YES;
				GCC_WARN_UNINITIALIZED_AUTOS = YES_AGGRESSIVE;
				GCC_WARN_UNUSED_FUNCTION = YES;
				GCC_WARN_UNUSED_VARIABLE = YES;
				IPHONEOS_DEPLOYMENT_TARGET = 17.4;
				LOCALIZATION_PREFERS_STRING_CATALOGS = YES;
				MTL_ENABLE_DEBUG_INFO = INCLUDE_SOURCE;
				MTL_FAST_MATH = YES;
				ONLY_ACTIVE_ARCH = YES;
				SDKROOT = iphoneos;
				SWIFT_ACTIVE_COMPILATION_CONDITIONS = "DEBUG $(inherited)";
				SWIFT_OPTIMIZATION_LEVEL = "-Onone";
			};
			name = Debug;
		};
		4F86E44F2BB3A5DC00EA4B46 /* Release */ = {
			isa = XCBuildConfiguration;
			buildSettings = {
				ALWAYS_SEARCH_USER_PATHS = NO;
				ASSETCATALOG_COMPILER_GENERATE_SWIFT_ASSET_SYMBOL_EXTENSIONS = YES;
				CLANG_ANALYZER_NONNULL = YES;
				CLANG_ANALYZER_NUMBER_OBJECT_CONVERSION = YES_AGGRESSIVE;
				CLANG_CXX_LANGUAGE_STANDARD = "gnu++20";
				CLANG_ENABLE_MODULES = YES;
				CLANG_ENABLE_OBJC_ARC = YES;
				CLANG_ENABLE_OBJC_WEAK = YES;
				CLANG_WARN_BLOCK_CAPTURE_AUTORELEASING = YES;
				CLANG_WARN_BOOL_CONVERSION = YES;
				CLANG_WARN_COMMA = YES;
				CLANG_WARN_CONSTANT_CONVERSION = YES;
				CLANG_WARN_DEPRECATED_OBJC_IMPLEMENTATIONS = YES;
				CLANG_WARN_DIRECT_OBJC_ISA_USAGE = YES_ERROR;
				CLANG_WARN_DOCUMENTATION_COMMENTS = YES;
				CLANG_WARN_EMPTY_BODY = YES;
				CLANG_WARN_ENUM_CONVERSION = YES;
				CLANG_WARN_INFINITE_RECURSION = YES;
				CLANG_WARN_INT_CONVERSION = YES;
				CLANG_WARN_NON_LITERAL_NULL_CONVERSION = YES;
				CLANG_WARN_OBJC_IMPLICIT_RETAIN_SELF = YES;
				CLANG_WARN_OBJC_LITERAL_CONVERSION = YES;
				CLANG_WARN_OBJC_ROOT_CLASS = YES_ERROR;
				CLANG_WARN_QUOTED_INCLUDE_IN_FRAMEWORK_HEADER = YES;
				CLANG_WARN_RANGE_LOOP_ANALYSIS = YES;
				CLANG_WARN_STRICT_PROTOTYPES = YES;
				CLANG_WARN_SUSPICIOUS_MOVE = YES;
				CLANG_WARN_UNGUARDED_AVAILABILITY = YES_AGGRESSIVE;
				CLANG_WARN_UNREACHABLE_CODE = YES;
				CLANG_WARN__DUPLICATE_METHOD_MATCH = YES;
				COPY_PHASE_STRIP = NO;
				DEBUG_INFORMATION_FORMAT = "dwarf-with-dsym";
				ENABLE_NS_ASSERTIONS = NO;
				ENABLE_STRICT_OBJC_MSGSEND = YES;
				ENABLE_USER_SCRIPT_SANDBOXING = YES;
				GCC_C_LANGUAGE_STANDARD = gnu17;
				GCC_NO_COMMON_BLOCKS = YES;
				GCC_WARN_64_TO_32_BIT_CONVERSION = YES;
				GCC_WARN_ABOUT_RETURN_TYPE = YES_ERROR;
				GCC_WARN_UNDECLARED_SELECTOR = YES;
				GCC_WARN_UNINITIALIZED_AUTOS = YES_AGGRESSIVE;
				GCC_WARN_UNUSED_FUNCTION = YES;
				GCC_WARN_UNUSED_VARIABLE = YES;
				IPHONEOS_DEPLOYMENT_TARGET = 17.4;
				LOCALIZATION_PREFERS_STRING_CATALOGS = YES;
				MTL_ENABLE_DEBUG_INFO = NO;
				MTL_FAST_MATH = YES;
				SDKROOT = iphoneos;
				SWIFT_COMPILATION_MODE = wholemodule;
				VALIDATE_PRODUCT = YES;
			};
			name = Release;
		};
		4F86E4512BB3A5DC00EA4B46 /* Debug */ = {
			isa = XCBuildConfiguration;
			buildSettings = {
				ASSETCATALOG_COMPILER_APPICON_NAME = AppIcon;
				ASSETCATALOG_COMPILER_GLOBAL_ACCENT_COLOR_NAME = AccentColor;
				CODE_SIGN_STYLE = Automatic;
				CURRENT_PROJECT_VERSION = 1;
				DEVELOPMENT_ASSET_PATHS = "\"mood-lens-ar/Preview Content\"";
				DEVELOPMENT_TEAM = 23V98QN9G2;
				ENABLE_PREVIEWS = YES;
				GENERATE_INFOPLIST_FILE = YES;
				INFOPLIST_KEY_NSCameraUsageDescription = "";
				INFOPLIST_KEY_UIApplicationSupportsIndirectInputEvents = YES;
				INFOPLIST_KEY_UILaunchScreen_Generation = YES;
				INFOPLIST_KEY_UIRequiredDeviceCapabilities = arkit;
				INFOPLIST_KEY_UIStatusBarHidden = YES;
				INFOPLIST_KEY_UISupportedInterfaceOrientations_iPad = "UIInterfaceOrientationPortrait UIInterfaceOrientationPortraitUpsideDown UIInterfaceOrientationLandscapeLeft UIInterfaceOrientationLandscapeRight";
				INFOPLIST_KEY_UISupportedInterfaceOrientations_iPhone = "UIInterfaceOrientationPortrait UIInterfaceOrientationLandscapeLeft UIInterfaceOrientationLandscapeRight";
				LD_RUNPATH_SEARCH_PATHS = (
					"$(inherited)",
					"@executable_path/Frameworks",
				);
				MARKETING_VERSION = 1.0;
				PRODUCT_BUNDLE_IDENTIFIER = "nick.mood-lens-ar";
				PRODUCT_NAME = "$(TARGET_NAME)";
				SWIFT_EMIT_LOC_STRINGS = YES;
				SWIFT_VERSION = 5.0;
				TARGETED_DEVICE_FAMILY = "1,2";
			};
			name = Debug;
		};
		4F86E4522BB3A5DC00EA4B46 /* Release */ = {
			isa = XCBuildConfiguration;
			buildSettings = {
				ASSETCATALOG_COMPILER_APPICON_NAME = AppIcon;
				ASSETCATALOG_COMPILER_GLOBAL_ACCENT_COLOR_NAME = AccentColor;
				CODE_SIGN_STYLE = Automatic;
				CURRENT_PROJECT_VERSION = 1;
				DEVELOPMENT_ASSET_PATHS = "\"mood-lens-ar/Preview Content\"";
				DEVELOPMENT_TEAM = 23V98QN9G2;
				ENABLE_PREVIEWS = YES;
				GENERATE_INFOPLIST_FILE = YES;
				INFOPLIST_KEY_NSCameraUsageDescription = "";
				INFOPLIST_KEY_UIApplicationSupportsIndirectInputEvents = YES;
				INFOPLIST_KEY_UILaunchScreen_Generation = YES;
				INFOPLIST_KEY_UIRequiredDeviceCapabilities = arkit;
				INFOPLIST_KEY_UIStatusBarHidden = YES;
				INFOPLIST_KEY_UISupportedInterfaceOrientations_iPad = "UIInterfaceOrientationPortrait UIInterfaceOrientationPortraitUpsideDown UIInterfaceOrientationLandscapeLeft UIInterfaceOrientationLandscapeRight";
				INFOPLIST_KEY_UISupportedInterfaceOrientations_iPhone = "UIInterfaceOrientationPortrait UIInterfaceOrientationLandscapeLeft UIInterfaceOrientationLandscapeRight";
				LD_RUNPATH_SEARCH_PATHS = (
					"$(inherited)",
					"@executable_path/Frameworks",
				);
				MARKETING_VERSION = 1.0;
				PRODUCT_BUNDLE_IDENTIFIER = "nick.mood-lens-ar";
				PRODUCT_NAME = "$(TARGET_NAME)";
				SWIFT_EMIT_LOC_STRINGS = YES;
				SWIFT_VERSION = 5.0;
				TARGETED_DEVICE_FAMILY = "1,2";
			};
			name = Release;
		};
		4F86E4542BB3A5DC00EA4B46 /* Debug */ = {
			isa = XCBuildConfiguration;
			buildSettings = {
				ALWAYS_EMBED_SWIFT_STANDARD_LIBRARIES = YES;
				BUNDLE_LOADER = "$(TEST_HOST)";
				CODE_SIGN_STYLE = Automatic;
				CURRENT_PROJECT_VERSION = 1;
				DEVELOPMENT_TEAM = 23V98QN9G2;
				GENERATE_INFOPLIST_FILE = YES;
				IPHONEOS_DEPLOYMENT_TARGET = 17.4;
				MARKETING_VERSION = 1.0;
				PRODUCT_BUNDLE_IDENTIFIER = "nick.mood-lens-arTests";
				PRODUCT_NAME = "$(TARGET_NAME)";
				SWIFT_EMIT_LOC_STRINGS = NO;
				SWIFT_VERSION = 5.0;
				TARGETED_DEVICE_FAMILY = "1,2";
				TEST_HOST = "$(BUILT_PRODUCTS_DIR)/mood-lens-ar.app/$(BUNDLE_EXECUTABLE_FOLDER_PATH)/mood-lens-ar";
			};
			name = Debug;
		};
		4F86E4552BB3A5DC00EA4B46 /* Release */ = {
			isa = XCBuildConfiguration;
			buildSettings = {
				ALWAYS_EMBED_SWIFT_STANDARD_LIBRARIES = YES;
				BUNDLE_LOADER = "$(TEST_HOST)";
				CODE_SIGN_STYLE = Automatic;
				CURRENT_PROJECT_VERSION = 1;
				DEVELOPMENT_TEAM = 23V98QN9G2;
				GENERATE_INFOPLIST_FILE = YES;
				IPHONEOS_DEPLOYMENT_TARGET = 17.4;
				MARKETING_VERSION = 1.0;
				PRODUCT_BUNDLE_IDENTIFIER = "nick.mood-lens-arTests";
				PRODUCT_NAME = "$(TARGET_NAME)";
				SWIFT_EMIT_LOC_STRINGS = NO;
				SWIFT_VERSION = 5.0;
				TARGETED_DEVICE_FAMILY = "1,2";
				TEST_HOST = "$(BUILT_PRODUCTS_DIR)/mood-lens-ar.app/$(BUNDLE_EXECUTABLE_FOLDER_PATH)/mood-lens-ar";
			};
			name = Release;
		};
		4F86E4572BB3A5DC00EA4B46 /* Debug */ = {
			isa = XCBuildConfiguration;
			buildSettings = {
				ALWAYS_EMBED_SWIFT_STANDARD_LIBRARIES = YES;
				CODE_SIGN_STYLE = Automatic;
				CURRENT_PROJECT_VERSION = 1;
				DEVELOPMENT_TEAM = 23V98QN9G2;
				GENERATE_INFOPLIST_FILE = YES;
				MARKETING_VERSION = 1.0;
				PRODUCT_BUNDLE_IDENTIFIER = "nick.mood-lens-arUITests";
				PRODUCT_NAME = "$(TARGET_NAME)";
				SWIFT_EMIT_LOC_STRINGS = NO;
				SWIFT_VERSION = 5.0;
				TARGETED_DEVICE_FAMILY = "1,2";
				TEST_TARGET_NAME = "mood-lens-ar";
			};
			name = Debug;
		};
		4F86E4582BB3A5DC00EA4B46 /* Release */ = {
			isa = XCBuildConfiguration;
			buildSettings = {
				ALWAYS_EMBED_SWIFT_STANDARD_LIBRARIES = YES;
				CODE_SIGN_STYLE = Automatic;
				CURRENT_PROJECT_VERSION = 1;
				DEVELOPMENT_TEAM = 23V98QN9G2;
				GENERATE_INFOPLIST_FILE = YES;
				MARKETING_VERSION = 1.0;
				PRODUCT_BUNDLE_IDENTIFIER = "nick.mood-lens-arUITests";
				PRODUCT_NAME = "$(TARGET_NAME)";
				SWIFT_EMIT_LOC_STRINGS = NO;
				SWIFT_VERSION = 5.0;
				TARGETED_DEVICE_FAMILY = "1,2";
				TEST_TARGET_NAME = "mood-lens-ar";
			};
			name = Release;
		};
/* End XCBuildConfiguration section */

/* Begin XCConfigurationList section */
		4F86E4272BB3A5D900EA4B46 /* Build configuration list for PBXProject "mood-lens-ar" */ = {
			isa = XCConfigurationList;
			buildConfigurations = (
				4F86E44E2BB3A5DC00EA4B46 /* Debug */,
				4F86E44F2BB3A5DC00EA4B46 /* Release */,
			);
			defaultConfigurationIsVisible = 0;
			defaultConfigurationName = Release;
		};
		4F86E4502BB3A5DC00EA4B46 /* Build configuration list for PBXNativeTarget "mood-lens-ar" */ = {
			isa = XCConfigurationList;
			buildConfigurations = (
				4F86E4512BB3A5DC00EA4B46 /* Debug */,
				4F86E4522BB3A5DC00EA4B46 /* Release */,
			);
			defaultConfigurationIsVisible = 0;
			defaultConfigurationName = Release;
		};
		4F86E4532BB3A5DC00EA4B46 /* Build configuration list for PBXNativeTarget "mood-lens-arTests" */ = {
			isa = XCConfigurationList;
			buildConfigurations = (
				4F86E4542BB3A5DC00EA4B46 /* Debug */,
				4F86E4552BB3A5DC00EA4B46 /* Release */,
			);
			defaultConfigurationIsVisible = 0;
			defaultConfigurationName = Release;
		};
		4F86E4562BB3A5DC00EA4B46 /* Build configuration list for PBXNativeTarget "mood-lens-arUITests" */ = {
			isa = XCConfigurationList;
			buildConfigurations = (
				4F86E4572BB3A5DC00EA4B46 /* Debug */,
				4F86E4582BB3A5DC00EA4B46 /* Release */,
			);
			defaultConfigurationIsVisible = 0;
			defaultConfigurationName = Release;
		};
/* End XCConfigurationList section */
	};
	rootObject = 4F86E4242BB3A5D900EA4B46 /* Project object */;
}
